
Microsoft Visual Studio Solution File, Format Version 12.00
# Visual Studio 15
VisualStudioVersion = 15.0.27004.2006
MinimumVisualStudioVersion = 10.0.40219.1
Project("{8BC9CEB8-8B4A-11D0-8D11-00A0C91BC942}") = "sizeof-multidimentional-arrays", "sizeof-multidimentional-arrays\sizeof-multidimentional-arrays.vcxproj", "{25C690BC-E856-4388-BCC5-D74248912522}"
EndProject
Global
	GlobalSection(SolutionConfigurationPlatforms) = preSolution
		Debug|x64 = Debug|x64
		Debug|x86 = Debug|x86
		Release|x64 = Release|x64
		Release|x86 = Release|x86
	EndGlobalSection
	GlobalSection(ProjectConfigurationPlatforms) = postSolution
		{25C690BC-E856-4388-BCC5-D74248912522}.Debug|x64.ActiveCfg = Debug|x64
		{25C690BC-E856-4388-BCC5-D74248912522}.Debug|x64.Build.0 = Debug|x64
		{25C690BC-E856-4388-BCC5-D74248912522}.Debug|x86.ActiveCfg = Debug|Win32
		{25C690BC-E856-4388-BCC5-D74248912522}.Debug|x86.Build.0 = Debug|Win32
		{25C690BC-E856-4388-BCC5-D74248912522}.Release|x64.ActiveCfg = Release|x64
		{25C690BC-E856-4388-BCC5-D74248912522}.Release|x64.Build.0 = Release|x64
		{25C690BC-E856-4388-BCC5-D74248912522}.Release|x86.ActiveCfg = Release|Win32
		{25C690BC-E856-4388-BCC5-D74248912522}.Release|x86.Build.0 = Release|Win32
	EndGlobalSection
	GlobalSection(SolutionProperties) = preSolution
		HideSolutionNode = FALSE
	EndGlobalSection
	GlobalSection(ExtensibilityGlobals) = postSolution
		SolutionGuid = {75C708B3-DD82-4B68-BEF3-601902FF951E}
	EndGlobalSection
EndGlobal
