
Microsoft Visual Studio Solution File, Format Version 12.00
# Visual Studio 15
VisualStudioVersion = 15.0.27004.2006
MinimumVisualStudioVersion = 10.0.40219.1
Project("{8BC9CEB8-8B4A-11D0-8D11-00A0C91BC942}") = "Strings", "Strings\Strings.vcxproj", "{D8E01671-E2A3-4F89-B1CC-EE331B956D40}"
EndProject
Global
	GlobalSection(SolutionConfigurationPlatforms) = preSolution
		Debug|x64 = Debug|x64
		Debug|x86 = Debug|x86
		Release|x64 = Release|x64
		Release|x86 = Release|x86
	EndGlobalSection
	GlobalSection(ProjectConfigurationPlatforms) = postSolution
		{D8E01671-E2A3-4F89-B1CC-EE331B956D40}.Debug|x64.ActiveCfg = Debug|x64
		{D8E01671-E2A3-4F89-B1CC-EE331B956D40}.Debug|x64.Build.0 = Debug|x64
		{D8E01671-E2A3-4F89-B1CC-EE331B956D40}.Debug|x86.ActiveCfg = Debug|Win32
		{D8E01671-E2A3-4F89-B1CC-EE331B956D40}.Debug|x86.Build.0 = Debug|Win32
		{D8E01671-E2A3-4F89-B1CC-EE331B956D40}.Release|x64.ActiveCfg = Release|x64
		{D8E01671-E2A3-4F89-B1CC-EE331B956D40}.Release|x64.Build.0 = Release|x64
		{D8E01671-E2A3-4F89-B1CC-EE331B956D40}.Release|x86.ActiveCfg = Release|Win32
		{D8E01671-E2A3-4F89-B1CC-EE331B956D40}.Release|x86.Build.0 = Release|Win32
	EndGlobalSection
	GlobalSection(SolutionProperties) = preSolution
		HideSolutionNode = FALSE
	EndGlobalSection
	GlobalSection(ExtensibilityGlobals) = postSolution
		SolutionGuid = {213601C6-1DFA-450F-82E5-A019256E5E18}
	EndGlobalSection
EndGlobal
