
Microsoft Visual Studio Solution File, Format Version 12.00
# Visual Studio 15
VisualStudioVersion = 15.0.27004.2006
MinimumVisualStudioVersion = 10.0.40219.1
Project("{8BC9CEB8-8B4A-11D0-8D11-00A0C91BC942}") = "IntegerTypes", "IntegerTypes\IntegerTypes.vcxproj", "{0F0433D7-835D-4504-8930-4E65C5A9EF71}"
EndProject
Global
	GlobalSection(SolutionConfigurationPlatforms) = preSolution
		Debug|x64 = Debug|x64
		Debug|x86 = Debug|x86
		Release|x64 = Release|x64
		Release|x86 = Release|x86
	EndGlobalSection
	GlobalSection(ProjectConfigurationPlatforms) = postSolution
		{0F0433D7-835D-4504-8930-4E65C5A9EF71}.Debug|x64.ActiveCfg = Debug|x64
		{0F0433D7-835D-4504-8930-4E65C5A9EF71}.Debug|x64.Build.0 = Debug|x64
		{0F0433D7-835D-4504-8930-4E65C5A9EF71}.Debug|x86.ActiveCfg = Debug|Win32
		{0F0433D7-835D-4504-8930-4E65C5A9EF71}.Debug|x86.Build.0 = Debug|Win32
		{0F0433D7-835D-4504-8930-4E65C5A9EF71}.Release|x64.ActiveCfg = Release|x64
		{0F0433D7-835D-4504-8930-4E65C5A9EF71}.Release|x64.Build.0 = Release|x64
		{0F0433D7-835D-4504-8930-4E65C5A9EF71}.Release|x86.ActiveCfg = Release|Win32
		{0F0433D7-835D-4504-8930-4E65C5A9EF71}.Release|x86.Build.0 = Release|Win32
	EndGlobalSection
	GlobalSection(SolutionProperties) = preSolution
		HideSolutionNode = FALSE
	EndGlobalSection
	GlobalSection(ExtensibilityGlobals) = postSolution
		SolutionGuid = {77D91913-819F-49A0-A8C9-3B47E9506D18}
	EndGlobalSection
EndGlobal
