
Microsoft Visual Studio Solution File, Format Version 12.00
# Visual Studio 15
VisualStudioVersion = 15.0.27004.2006
MinimumVisualStudioVersion = 10.0.40219.1
Project("{8BC9CEB8-8B4A-11D0-8D11-00A0C91BC942}") = "Constructor Parameters and overloading", "Constructor Parameters and overloading\Constructor Parameters and overloading.vcxproj", "{2110D2DD-308A-4B50-81EA-1023B32552D7}"
EndProject
Project("{8BC9CEB8-8B4A-11D0-8D11-00A0C91BC942}") = "Person", "Person\Person.vcxproj", "{790D720E-4EE1-4AAA-8C88-F804B90472B0}"
EndProject
Global
	GlobalSection(SolutionConfigurationPlatforms) = preSolution
		Debug|x64 = Debug|x64
		Debug|x86 = Debug|x86
		Release|x64 = Release|x64
		Release|x86 = Release|x86
	EndGlobalSection
	GlobalSection(ProjectConfigurationPlatforms) = postSolution
		{2110D2DD-308A-4B50-81EA-1023B32552D7}.Debug|x64.ActiveCfg = Debug|x64
		{2110D2DD-308A-4B50-81EA-1023B32552D7}.Debug|x64.Build.0 = Debug|x64
		{2110D2DD-308A-4B50-81EA-1023B32552D7}.Debug|x86.ActiveCfg = Debug|Win32
		{2110D2DD-308A-4B50-81EA-1023B32552D7}.Debug|x86.Build.0 = Debug|Win32
		{2110D2DD-308A-4B50-81EA-1023B32552D7}.Release|x64.ActiveCfg = Release|x64
		{2110D2DD-308A-4B50-81EA-1023B32552D7}.Release|x64.Build.0 = Release|x64
		{2110D2DD-308A-4B50-81EA-1023B32552D7}.Release|x86.ActiveCfg = Release|Win32
		{2110D2DD-308A-4B50-81EA-1023B32552D7}.Release|x86.Build.0 = Release|Win32
		{790D720E-4EE1-4AAA-8C88-F804B90472B0}.Debug|x64.ActiveCfg = Debug|x64
		{790D720E-4EE1-4AAA-8C88-F804B90472B0}.Debug|x64.Build.0 = Debug|x64
		{790D720E-4EE1-4AAA-8C88-F804B90472B0}.Debug|x86.ActiveCfg = Debug|Win32
		{790D720E-4EE1-4AAA-8C88-F804B90472B0}.Debug|x86.Build.0 = Debug|Win32
		{790D720E-4EE1-4AAA-8C88-F804B90472B0}.Release|x64.ActiveCfg = Release|x64
		{790D720E-4EE1-4AAA-8C88-F804B90472B0}.Release|x64.Build.0 = Release|x64
		{790D720E-4EE1-4AAA-8C88-F804B90472B0}.Release|x86.ActiveCfg = Release|Win32
		{790D720E-4EE1-4AAA-8C88-F804B90472B0}.Release|x86.Build.0 = Release|Win32
	EndGlobalSection
	GlobalSection(SolutionProperties) = preSolution
		HideSolutionNode = FALSE
	EndGlobalSection
	GlobalSection(ExtensibilityGlobals) = postSolution
		SolutionGuid = {BF0FB66F-7195-4DBF-B59F-8E4DE852CBD3}
	EndGlobalSection
EndGlobal
